
Microsoft Visual Studio Solution File, Format Version 12.00
# Visual Studio Version 17
VisualStudioVersion = 17.10.35027.167
MinimumVisualStudioVersion = 10.0.40219.1
Project("{FAE04EC0-301F-11D3-BF4B-00C04F79EFBC}") = "patikaflix", "patikaflix\patikaflix.csproj", "{DFBFC297-4DCD-427E-BD05-D363C16B68F2}"
EndProject
Global
	GlobalSection(SolutionConfigurationPlatforms) = preSolution
		Debug|Any CPU = Debug|Any CPU
		Release|Any CPU = Release|Any CPU
	EndGlobalSection
	GlobalSection(ProjectConfigurationPlatforms) = postSolution
		{DFBFC297-4DCD-427E-BD05-D363C16B68F2}.Debug|Any CPU.ActiveCfg = Debug|Any CPU
		{DFBFC297-4DCD-427E-BD05-D363C16B68F2}.Debug|Any CPU.Build.0 = Debug|Any CPU
		{DFBFC297-4DCD-427E-BD05-D363C16B68F2}.Release|Any CPU.ActiveCfg = Release|Any CPU
		{DFBFC297-4DCD-427E-BD05-D363C16B68F2}.Release|Any CPU.Build.0 = Release|Any CPU
	EndGlobalSection
	GlobalSection(SolutionProperties) = preSolution
		HideSolutionNode = FALSE
	EndGlobalSection
	GlobalSection(ExtensibilityGlobals) = postSolution
		SolutionGuid = {CCD8F4CE-68F2-4AD6-849A-04BCDEDB5E1F}
	EndGlobalSection
EndGlobal
